
Microsoft Visual Studio Solution File, Format Version 12.00
# Visual Studio Version 17
VisualStudioVersion = 17.9.34728.123
MinimumVisualStudioVersion = 10.0.40219.1
Project("{FAE04EC0-301F-11D3-BF4B-00C04F79EFBC}") = "Aulinha", "Aulinha\Aulinha.csproj", "{AA0BD596-67EC-4258-9B27-8EDB3C3F3BAD}"
EndProject
Global
	GlobalSection(SolutionConfigurationPlatforms) = preSolution
		Debug|Any CPU = Debug|Any CPU
		Release|Any CPU = Release|Any CPU
	EndGlobalSection
	GlobalSection(ProjectConfigurationPlatforms) = postSolution
		{AA0BD596-67EC-4258-9B27-8EDB3C3F3BAD}.Debug|Any CPU.ActiveCfg = Debug|Any CPU
		{AA0BD596-67EC-4258-9B27-8EDB3C3F3BAD}.Debug|Any CPU.Build.0 = Debug|Any CPU
		{AA0BD596-67EC-4258-9B27-8EDB3C3F3BAD}.Release|Any CPU.ActiveCfg = Release|Any CPU
		{AA0BD596-67EC-4258-9B27-8EDB3C3F3BAD}.Release|Any CPU.Build.0 = Release|Any CPU
	EndGlobalSection
	GlobalSection(SolutionProperties) = preSolution
		HideSolutionNode = FALSE
	EndGlobalSection
	GlobalSection(ExtensibilityGlobals) = postSolution
		SolutionGuid = {C1E17E14-0722-4B34-90EC-2194E9F3BEA3}
	EndGlobalSection
EndGlobal
